// !$*UTF8*$!
{
	archiveVersion = 1;
	classes = {
	};
	objectVersion = 56;
	objects = {

/* Begin PBXBuildFile section */
		2362A2AC2A9E8F6C00E927CA /* SearchViewModel.swift in Sources */ = {isa = PBXBuildFile; fileRef = 2362A2AB2A9E8F6C00E927CA /* SearchViewModel.swift */; };
		2362A2AF2A9E8FA600E927CA /* NetworkManager.swift in Sources */ = {isa = PBXBuildFile; fileRef = 2362A2AE2A9E8FA600E927CA /* NetworkManager.swift */; };
		2362A2B12A9E927800E927CA /* RecipeModel.swift in Sources */ = {isa = PBXBuildFile; fileRef = 2362A2B02A9E927800E927CA /* RecipeModel.swift */; };
		237BC2A72A9A49D400096351 /* AppDelegate.swift in Sources */ = {isa = PBXBuildFile; fileRef = 237BC2A62A9A49D400096351 /* AppDelegate.swift */; };
		237BC2A92A9A49D400096351 /* SceneDelegate.swift in Sources */ = {isa = PBXBuildFile; fileRef = 237BC2A82A9A49D400096351 /* SceneDelegate.swift */; };
		237BC2AB2A9A49D400096351 /* SearchViewController.swift in Sources */ = {isa = PBXBuildFile; fileRef = 237BC2AA2A9A49D400096351 /* SearchViewController.swift */; };
		237BC2AE2A9A49D400096351 /* SearchViewController.storyboard in Resources */ = {isa = PBXBuildFile; fileRef = 237BC2AC2A9A49D400096351 /* SearchViewController.storyboard */; };
		237BC2B02A9A49D400096351 /* Assets.xcassets in Resources */ = {isa = PBXBuildFile; fileRef = 237BC2AF2A9A49D400096351 /* Assets.xcassets */; };
		237BC2B32A9A49D400096351 /* LaunchScreen.storyboard in Resources */ = {isa = PBXBuildFile; fileRef = 237BC2B12A9A49D400096351 /* LaunchScreen.storyboard */; };
		237BC2C02A9E5FE700096351 /* SearchCell.swift in Sources */ = {isa = PBXBuildFile; fileRef = 237BC2BF2A9E5FE700096351 /* SearchCell.swift */; };
		23DA8E0A2A9F5E9800E1CB15 /* UIImageView.swift in Sources */ = {isa = PBXBuildFile; fileRef = 23DA8E092A9F5E9800E1CB15 /* UIImageView.swift */; };
		23DA8E0D2AA1132300E1CB15 /* DetailViewController.swift in Sources */ = {isa = PBXBuildFile; fileRef = 23DA8E0C2AA1132300E1CB15 /* DetailViewController.swift */; };
		23DA8E0F2AA1137D00E1CB15 /* DetailViewController.storyboard in Resources */ = {isa = PBXBuildFile; fileRef = 23DA8E0E2AA1137D00E1CB15 /* DetailViewController.storyboard */; };
		23DA8E112AA11B2C00E1CB15 /* DetailViewModel.swift in Sources */ = {isa = PBXBuildFile; fileRef = 23DA8E102AA11B2C00E1CB15 /* DetailViewModel.swift */; };
		23DA8E132AA126BD00E1CB15 /* RecipeDetailModel.swift in Sources */ = {isa = PBXBuildFile; fileRef = 23DA8E122AA126BD00E1CB15 /* RecipeDetailModel.swift */; };
		23DA8E152AA12BFC00E1CB15 /* Endpoint.swift in Sources */ = {isa = PBXBuildFile; fileRef = 23DA8E142AA12BFC00E1CB15 /* Endpoint.swift */; };
/* End PBXBuildFile section */

/* Begin PBXFileReference section */
		2362A2AB2A9E8F6C00E927CA /* SearchViewModel.swift */ = {isa = PBXFileReference; lastKnownFileType = sourcecode.swift; path = SearchViewModel.swift; sourceTree = "<group>"; };
		2362A2AE2A9E8FA600E927CA /* NetworkManager.swift */ = {isa = PBXFileReference; lastKnownFileType = sourcecode.swift; path = NetworkManager.swift; sourceTree = "<group>"; };
		2362A2B02A9E927800E927CA /* RecipeModel.swift */ = {isa = PBXFileReference; lastKnownFileType = sourcecode.swift; path = RecipeModel.swift; sourceTree = "<group>"; };
		237BC2A32A9A49D400096351 /* Meals.app */ = {isa = PBXFileReference; explicitFileType = wrapper.application; includeInIndex = 0; path = Meals.app; sourceTree = BUILT_PRODUCTS_DIR; };
		237BC2A62A9A49D400096351 /* AppDelegate.swift */ = {isa = PBXFileReference; lastKnownFileType = sourcecode.swift; path = AppDelegate.swift; sourceTree = "<group>"; };
		237BC2A82A9A49D400096351 /* SceneDelegate.swift */ = {isa = PBXFileReference; lastKnownFileType = sourcecode.swift; path = SceneDelegate.swift; sourceTree = "<group>"; };
		237BC2AA2A9A49D400096351 /* SearchViewController.swift */ = {isa = PBXFileReference; lastKnownFileType = sourcecode.swift; path = SearchViewController.swift; sourceTree = "<group>"; };
		237BC2AD2A9A49D400096351 /* Base */ = {isa = PBXFileReference; lastKnownFileType = file.storyboard; name = Base; path = Base.lproj/SearchViewController.storyboard; sourceTree = "<group>"; };
		237BC2AF2A9A49D400096351 /* Assets.xcassets */ = {isa = PBXFileReference; lastKnownFileType = folder.assetcatalog; path = Assets.xcassets; sourceTree = "<group>"; };
		237BC2B22A9A49D400096351 /* Base */ = {isa = PBXFileReference; lastKnownFileType = file.storyboard; name = Base; path = Base.lproj/LaunchScreen.storyboard; sourceTree = "<group>"; };
		237BC2B42A9A49D400096351 /* Info.plist */ = {isa = PBXFileReference; lastKnownFileType = text.plist.xml; path = Info.plist; sourceTree = "<group>"; };
		237BC2BF2A9E5FE700096351 /* SearchCell.swift */ = {isa = PBXFileReference; lastKnownFileType = sourcecode.swift; path = SearchCell.swift; sourceTree = "<group>"; };
		23DA8E092A9F5E9800E1CB15 /* UIImageView.swift */ = {isa = PBXFileReference; lastKnownFileType = sourcecode.swift; path = UIImageView.swift; sourceTree = "<group>"; };
		23DA8E0C2AA1132300E1CB15 /* DetailViewController.swift */ = {isa = PBXFileReference; lastKnownFileType = sourcecode.swift; path = DetailViewController.swift; sourceTree = "<group>"; };
		23DA8E0E2AA1137D00E1CB15 /* DetailViewController.storyboard */ = {isa = PBXFileReference; lastKnownFileType = file.storyboard; path = DetailViewController.storyboard; sourceTree = "<group>"; };
		23DA8E102AA11B2C00E1CB15 /* DetailViewModel.swift */ = {isa = PBXFileReference; lastKnownFileType = sourcecode.swift; path = DetailViewModel.swift; sourceTree = "<group>"; };
		23DA8E122AA126BD00E1CB15 /* RecipeDetailModel.swift */ = {isa = PBXFileReference; lastKnownFileType = sourcecode.swift; path = RecipeDetailModel.swift; sourceTree = "<group>"; };
		23DA8E142AA12BFC00E1CB15 /* Endpoint.swift */ = {isa = PBXFileReference; lastKnownFileType = sourcecode.swift; path = Endpoint.swift; sourceTree = "<group>"; };
/* End PBXFileReference section */

/* Begin PBXFrameworksBuildPhase section */
		237BC2A02A9A49D400096351 /* Frameworks */ = {
			isa = PBXFrameworksBuildPhase;
			buildActionMask = 2147483647;
			files = (
			);
			runOnlyForDeploymentPostprocessing = 0;
		};
/* End PBXFrameworksBuildPhase section */

/* Begin PBXGroup section */
		2362A2AD2A9E8F9100E927CA /* NetworkLayer */ = {
			isa = PBXGroup;
			children = (
				2362A2AE2A9E8FA600E927CA /* NetworkManager.swift */,
				23DA8E142AA12BFC00E1CB15 /* Endpoint.swift */,
			);
			path = NetworkLayer;
			sourceTree = "<group>";
		};
		237BC29A2A9A49D400096351 = {
			isa = PBXGroup;
			children = (
				237BC2A52A9A49D400096351 /* Meals */,
				237BC2A42A9A49D400096351 /* Products */,
			);
			sourceTree = "<group>";
		};
		237BC2A42A9A49D400096351 /* Products */ = {
			isa = PBXGroup;
			children = (
				237BC2A32A9A49D400096351 /* Meals.app */,
			);
			name = Products;
			sourceTree = "<group>";
		};
		237BC2A52A9A49D400096351 /* Meals */ = {
			isa = PBXGroup;
			children = (
				23DA8E082A9F5E7600E1CB15 /* Extension */,
				2362A2AD2A9E8F9100E927CA /* NetworkLayer */,
				237BC2BD2A9A4B2600096351 /* Model */,
				237BC2BC2A9A4B1600096351 /* Search Page */,
				23DA8E0B2AA112D900E1CB15 /* Detail Page */,
				237BC2BB2A9A4A0800096351 /* Application */,
				237BC2BA2A9A49DD00096351 /* Resources */,
			);
			path = Meals;
			sourceTree = "<group>";
		};
		237BC2BA2A9A49DD00096351 /* Resources */ = {
			isa = PBXGroup;
			children = (
				237BC2AF2A9A49D400096351 /* Assets.xcassets */,
				237BC2B12A9A49D400096351 /* LaunchScreen.storyboard */,
				237BC2B42A9A49D400096351 /* Info.plist */,
			);
			path = Resources;
			sourceTree = "<group>";
		};
		237BC2BB2A9A4A0800096351 /* Application */ = {
			isa = PBXGroup;
			children = (
				237BC2A62A9A49D400096351 /* AppDelegate.swift */,
				237BC2A82A9A49D400096351 /* SceneDelegate.swift */,
			);
			path = Application;
			sourceTree = "<group>";
		};
		237BC2BC2A9A4B1600096351 /* Search Page */ = {
			isa = PBXGroup;
			children = (
				237BC2BE2A9E5FBA00096351 /* _components */,
				237BC2AA2A9A49D400096351 /* SearchViewController.swift */,
				2362A2AB2A9E8F6C00E927CA /* SearchViewModel.swift */,
				237BC2AC2A9A49D400096351 /* SearchViewController.storyboard */,
			);
			path = "Search Page";
			sourceTree = "<group>";
		};
		237BC2BD2A9A4B2600096351 /* Model */ = {
			isa = PBXGroup;
			children = (
				2362A2B02A9E927800E927CA /* RecipeModel.swift */,
				23DA8E122AA126BD00E1CB15 /* RecipeDetailModel.swift */,
			);
			path = Model;
			sourceTree = "<group>";
		};
		237BC2BE2A9E5FBA00096351 /* _components */ = {
			isa = PBXGroup;
			children = (
				237BC2BF2A9E5FE700096351 /* SearchCell.swift */,
			);
			path = _components;
			sourceTree = "<group>";
		};
		23DA8E082A9F5E7600E1CB15 /* Extension */ = {
			isa = PBXGroup;
			children = (
				23DA8E092A9F5E9800E1CB15 /* UIImageView.swift */,
			);
			path = Extension;
			sourceTree = "<group>";
		};
		23DA8E0B2AA112D900E1CB15 /* Detail Page */ = {
			isa = PBXGroup;
			children = (
				23DA8E0C2AA1132300E1CB15 /* DetailViewController.swift */,
				23DA8E102AA11B2C00E1CB15 /* DetailViewModel.swift */,
				23DA8E0E2AA1137D00E1CB15 /* DetailViewController.storyboard */,
			);
			path = "Detail Page";
			sourceTree = "<group>";
		};
/* End PBXGroup section */

/* Begin PBXNativeTarget section */
		237BC2A22A9A49D400096351 /* Meals */ = {
			isa = PBXNativeTarget;
			buildConfigurationList = 237BC2B72A9A49D400096351 /* Build configuration list for PBXNativeTarget "Meals" */;
			buildPhases = (
				237BC29F2A9A49D400096351 /* Sources */,
				237BC2A02A9A49D400096351 /* Frameworks */,
				237BC2A12A9A49D400096351 /* Resources */,
			);
			buildRules = (
			);
			dependencies = (
			);
			name = Meals;
			productName = Meals;
			productReference = 237BC2A32A9A49D400096351 /* Meals.app */;
			productType = "com.apple.product-type.application";
		};
/* End PBXNativeTarget section */

/* Begin PBXProject section */
		237BC29B2A9A49D400096351 /* Project object */ = {
			isa = PBXProject;
			attributes = {
				BuildIndependentTargetsInParallel = 1;
				LastSwiftUpdateCheck = 1420;
				LastUpgradeCheck = 1420;
				TargetAttributes = {
					237BC2A22A9A49D400096351 = {
						CreatedOnToolsVersion = 14.2;
					};
				};
			};
			buildConfigurationList = 237BC29E2A9A49D400096351 /* Build configuration list for PBXProject "Meals" */;
			compatibilityVersion = "Xcode 14.0";
			developmentRegion = en;
			hasScannedForEncodings = 0;
			knownRegions = (
				en,
				Base,
			);
			mainGroup = 237BC29A2A9A49D400096351;
			productRefGroup = 237BC2A42A9A49D400096351 /* Products */;
			projectDirPath = "";
			projectRoot = "";
			targets = (
				237BC2A22A9A49D400096351 /* Meals */,
			);
		};
/* End PBXProject section */

/* Begin PBXResourcesBuildPhase section */
		237BC2A12A9A49D400096351 /* Resources */ = {
			isa = PBXResourcesBuildPhase;
			buildActionMask = 2147483647;
			files = (
				23DA8E0F2AA1137D00E1CB15 /* DetailViewController.storyboard in Resources */,
				237BC2B32A9A49D400096351 /* LaunchScreen.storyboard in Resources */,
				237BC2B02A9A49D400096351 /* Assets.xcassets in Resources */,
				237BC2AE2A9A49D400096351 /* SearchViewController.storyboard in Resources */,
			);
			runOnlyForDeploymentPostprocessing = 0;
		};
/* End PBXResourcesBuildPhase section */

/* Begin PBXSourcesBuildPhase section */
		237BC29F2A9A49D400096351 /* Sources */ = {
			isa = PBXSourcesBuildPhase;
			buildActionMask = 2147483647;
			files = (
				23DA8E0D2AA1132300E1CB15 /* DetailViewController.swift in Sources */,
				23DA8E0A2A9F5E9800E1CB15 /* UIImageView.swift in Sources */,
				2362A2B12A9E927800E927CA /* RecipeModel.swift in Sources */,
				23DA8E112AA11B2C00E1CB15 /* DetailViewModel.swift in Sources */,
				23DA8E132AA126BD00E1CB15 /* RecipeDetailModel.swift in Sources */,
				2362A2AF2A9E8FA600E927CA /* NetworkManager.swift in Sources */,
				237BC2AB2A9A49D400096351 /* SearchViewController.swift in Sources */,
				2362A2AC2A9E8F6C00E927CA /* SearchViewModel.swift in Sources */,
				237BC2C02A9E5FE700096351 /* SearchCell.swift in Sources */,
				237BC2A72A9A49D400096351 /* AppDelegate.swift in Sources */,
				23DA8E152AA12BFC00E1CB15 /* Endpoint.swift in Sources */,
				237BC2A92A9A49D400096351 /* SceneDelegate.swift in Sources */,
			);
			runOnlyForDeploymentPostprocessing = 0;
		};
/* End PBXSourcesBuildPhase section */

/* Begin PBXVariantGroup section */
		237BC2AC2A9A49D400096351 /* SearchViewController.storyboard */ = {
			isa = PBXVariantGroup;
			children = (
				237BC2AD2A9A49D400096351 /* Base */,
			);
			name = SearchViewController.storyboard;
			sourceTree = "<group>";
		};
		237BC2B12A9A49D400096351 /* LaunchScreen.storyboard */ = {
			isa = PBXVariantGroup;
			children = (
				237BC2B22A9A49D400096351 /* Base */,
			);
			name = LaunchScreen.storyboard;
			sourceTree = "<group>";
		};
/* End PBXVariantGroup section */

/* Begin XCBuildConfiguration section */
		237BC2B52A9A49D400096351 /* Debug */ = {
			isa = XCBuildConfiguration;
			buildSettings = {
				ALWAYS_SEARCH_USER_PATHS = NO;
				CLANG_ANALYZER_NONNULL = YES;
				CLANG_ANALYZER_NUMBER_OBJECT_CONVERSION = YES_AGGRESSIVE;
				CLANG_CXX_LANGUAGE_STANDARD = "gnu++20";
				CLANG_ENABLE_MODULES = YES;
				CLANG_ENABLE_OBJC_ARC = YES;
				CLANG_ENABLE_OBJC_WEAK = YES;
				CLANG_WARN_BLOCK_CAPTURE_AUTORELEASING = YES;
				CLANG_WARN_BOOL_CONVERSION = YES;
				CLANG_WARN_COMMA = YES;
				CLANG_WARN_CONSTANT_CONVERSION = YES;
				CLANG_WARN_DEPRECATED_OBJC_IMPLEMENTATIONS = YES;
				CLANG_WARN_DIRECT_OBJC_ISA_USAGE = YES_ERROR;
				CLANG_WARN_DOCUMENTATION_COMMENTS = YES;
				CLANG_WARN_EMPTY_BODY = YES;
				CLANG_WARN_ENUM_CONVERSION = YES;
				CLANG_WARN_INFINITE_RECURSION = YES;
				CLANG_WARN_INT_CONVERSION = YES;
				CLANG_WARN_NON_LITERAL_NULL_CONVERSION = YES;
				CLANG_WARN_OBJC_IMPLICIT_RETAIN_SELF = YES;
				CLANG_WARN_OBJC_LITERAL_CONVERSION = YES;
				CLANG_WARN_OBJC_ROOT_CLASS = YES_ERROR;
				CLANG_WARN_QUOTED_INCLUDE_IN_FRAMEWORK_HEADER = YES;
				CLANG_WARN_RANGE_LOOP_ANALYSIS = YES;
				CLANG_WARN_STRICT_PROTOTYPES = YES;
				CLANG_WARN_SUSPICIOUS_MOVE = YES;
				CLANG_WARN_UNGUARDED_AVAILABILITY = YES_AGGRESSIVE;
				CLANG_WARN_UNREACHABLE_CODE = YES;
				CLANG_WARN__DUPLICATE_METHOD_MATCH = YES;
				COPY_PHASE_STRIP = NO;
				DEBUG_INFORMATION_FORMAT = dwarf;
				ENABLE_STRICT_OBJC_MSGSEND = YES;
				ENABLE_TESTABILITY = YES;
				GCC_C_LANGUAGE_STANDARD = gnu11;
				GCC_DYNAMIC_NO_PIC = NO;
				GCC_NO_COMMON_BLOCKS = YES;
				GCC_OPTIMIZATION_LEVEL = 0;
				GCC_PREPROCESSOR_DEFINITIONS = (
					"DEBUG=1",
					"$(inherited)",
				);
				GCC_WARN_64_TO_32_BIT_CONVERSION = YES;
				GCC_WARN_ABOUT_RETURN_TYPE = YES_ERROR;
				GCC_WARN_UNDECLARED_SELECTOR = YES;
				GCC_WARN_UNINITIALIZED_AUTOS = YES_AGGRESSIVE;
				GCC_WARN_UNUSED_FUNCTION = YES;
				GCC_WARN_UNUSED_VARIABLE = YES;
				IPHONEOS_DEPLOYMENT_TARGET = 16.2;
				MTL_ENABLE_DEBUG_INFO = INCLUDE_SOURCE;
				MTL_FAST_MATH = YES;
				ONLY_ACTIVE_ARCH = YES;
				SDKROOT = iphoneos;
				SWIFT_ACTIVE_COMPILATION_CONDITIONS = DEBUG;
				SWIFT_OPTIMIZATION_LEVEL = "-Onone";
			};
			name = Debug;
		};
		237BC2B62A9A49D400096351 /* Release */ = {
			isa = XCBuildConfiguration;
			buildSettings = {
				ALWAYS_SEARCH_USER_PATHS = NO;
				CLANG_ANALYZER_NONNULL = YES;
				CLANG_ANALYZER_NUMBER_OBJECT_CONVERSION = YES_AGGRESSIVE;
				CLANG_CXX_LANGUAGE_STANDARD = "gnu++20";
				CLANG_ENABLE_MODULES = YES;
				CLANG_ENABLE_OBJC_ARC = YES;
				CLANG_ENABLE_OBJC_WEAK = YES;
				CLANG_WARN_BLOCK_CAPTURE_AUTORELEASING = YES;
				CLANG_WARN_BOOL_CONVERSION = YES;
				CLANG_WARN_COMMA = YES;
				CLANG_WARN_CONSTANT_CONVERSION = YES;
				CLANG_WARN_DEPRECATED_OBJC_IMPLEMENTATIONS = YES;
				CLANG_WARN_DIRECT_OBJC_ISA_USAGE = YES_ERROR;
				CLANG_WARN_DOCUMENTATION_COMMENTS = YES;
				CLANG_WARN_EMPTY_BODY = YES;
				CLANG_WARN_ENUM_CONVERSION = YES;
				CLANG_WARN_INFINITE_RECURSION = YES;
				CLANG_WARN_INT_CONVERSION = YES;
				CLANG_WARN_NON_LITERAL_NULL_CONVERSION = YES;
				CLANG_WARN_OBJC_IMPLICIT_RETAIN_SELF = YES;
				CLANG_WARN_OBJC_LITERAL_CONVERSION = YES;
				CLANG_WARN_OBJC_ROOT_CLASS = YES_ERROR;
				CLANG_WARN_QUOTED_INCLUDE_IN_FRAMEWORK_HEADER = YES;
				CLANG_WARN_RANGE_LOOP_ANALYSIS = YES;
				CLANG_WARN_STRICT_PROTOTYPES = YES;
				CLANG_WARN_SUSPICIOUS_MOVE = YES;
				CLANG_WARN_UNGUARDED_AVAILABILITY = YES_AGGRESSIVE;
				CLANG_WARN_UNREACHABLE_CODE = YES;
				CLANG_WARN__DUPLICATE_METHOD_MATCH = YES;
				COPY_PHASE_STRIP = NO;
				DEBUG_INFORMATION_FORMAT = "dwarf-with-dsym";
				ENABLE_NS_ASSERTIONS = NO;
				ENABLE_STRICT_OBJC_MSGSEND = YES;
				GCC_C_LANGUAGE_STANDARD = gnu11;
				GCC_NO_COMMON_BLOCKS = YES;
				GCC_WARN_64_TO_32_BIT_CONVERSION = YES;
				GCC_WARN_ABOUT_RETURN_TYPE = YES_ERROR;
				GCC_WARN_UNDECLARED_SELECTOR = YES;
				GCC_WARN_UNINITIALIZED_AUTOS = YES_AGGRESSIVE;
				GCC_WARN_UNUSED_FUNCTION = YES;
				GCC_WARN_UNUSED_VARIABLE = YES;
				IPHONEOS_DEPLOYMENT_TARGET = 16.2;
				MTL_ENABLE_DEBUG_INFO = NO;
				MTL_FAST_MATH = YES;
				SDKROOT = iphoneos;
				SWIFT_COMPILATION_MODE = wholemodule;
				SWIFT_OPTIMIZATION_LEVEL = "-O";
				VALIDATE_PRODUCT = YES;
			};
			name = Release;
		};
		237BC2B82A9A49D400096351 /* Debug */ = {
			isa = XCBuildConfiguration;
			buildSettings = {
				ASSETCATALOG_COMPILER_APPICON_NAME = AppIcon;
				ASSETCATALOG_COMPILER_GLOBAL_ACCENT_COLOR_NAME = AccentColor;
				CODE_SIGN_STYLE = Automatic;
				CURRENT_PROJECT_VERSION = 1;
				GENERATE_INFOPLIST_FILE = YES;
				INFOPLIST_FILE = Meals/Resources/Info.plist;
				INFOPLIST_KEY_UIApplicationSupportsIndirectInputEvents = YES;
				INFOPLIST_KEY_UILaunchStoryboardName = LaunchScreen;
				INFOPLIST_KEY_UIMainStoryboardFile = SearchViewController;
				INFOPLIST_KEY_UISupportedInterfaceOrientations_iPad = "UIInterfaceOrientationPortrait UIInterfaceOrientationPortraitUpsideDown UIInterfaceOrientationLandscapeLeft UIInterfaceOrientationLandscapeRight";
				INFOPLIST_KEY_UISupportedInterfaceOrientations_iPhone = "UIInterfaceOrientationPortrait UIInterfaceOrientationLandscapeLeft UIInterfaceOrientationLandscapeRight";
				INFOPLIST_KEY_UISupportsDocumentBrowser = NO;
				LD_RUNPATH_SEARCH_PATHS = (
					"$(inherited)",
					"@executable_path/Frameworks",
				);
				MARKETING_VERSION = 1.0;
				PRODUCT_BUNDLE_IDENTIFIER = com.beyza.Meals;
				PRODUCT_NAME = "$(TARGET_NAME)";
				SWIFT_EMIT_LOC_STRINGS = YES;
				SWIFT_VERSION = 5.0;
				TARGETED_DEVICE_FAMILY = "1,2";
			};
			name = Debug;
		};
		237BC2B92A9A49D400096351 /* Release */ = {
			isa = XCBuildConfiguration;
			buildSettings = {
				ASSETCATALOG_COMPILER_APPICON_NAME = AppIcon;
				ASSETCATALOG_COMPILER_GLOBAL_ACCENT_COLOR_NAME = AccentColor;
				CODE_SIGN_STYLE = Automatic;
				CURRENT_PROJECT_VERSION = 1;
				GENERATE_INFOPLIST_FILE = YES;
				INFOPLIST_FILE = Meals/Resources/Info.plist;
				INFOPLIST_KEY_UIApplicationSupportsIndirectInputEvents = YES;
				INFOPLIST_KEY_UILaunchStoryboardName = LaunchScreen;
				INFOPLIST_KEY_UIMainStoryboardFile = SearchViewController;
				INFOPLIST_KEY_UISupportedInterfaceOrientations_iPad = "UIInterfaceOrientationPortrait UIInterfaceOrientationPortraitUpsideDown UIInterfaceOrientationLandscapeLeft UIInterfaceOrientationLandscapeRight";
				INFOPLIST_KEY_UISupportedInterfaceOrientations_iPhone = "UIInterfaceOrientationPortrait UIInterfaceOrientationLandscapeLeft UIInterfaceOrientationLandscapeRight";
				INFOPLIST_KEY_UISupportsDocumentBrowser = NO;
				LD_RUNPATH_SEARCH_PATHS = (
					"$(inherited)",
					"@executable_path/Frameworks",
				);
				MARKETING_VERSION = 1.0;
				PRODUCT_BUNDLE_IDENTIFIER = com.beyza.Meals;
				PRODUCT_NAME = "$(TARGET_NAME)";
				SWIFT_EMIT_LOC_STRINGS = YES;
				SWIFT_VERSION = 5.0;
				TARGETED_DEVICE_FAMILY = "1,2";
			};
			name = Release;
		};
/* End XCBuildConfiguration section */

/* Begin XCConfigurationList section */
		237BC29E2A9A49D400096351 /* Build configuration list for PBXProject "Meals" */ = {
			isa = XCConfigurationList;
			buildConfigurations = (
				237BC2B52A9A49D400096351 /* Debug */,
				237BC2B62A9A49D400096351 /* Release */,
			);
			defaultConfigurationIsVisible = 0;
			defaultConfigurationName = Release;
		};
		237BC2B72A9A49D400096351 /* Build configuration list for PBXNativeTarget "Meals" */ = {
			isa = XCConfigurationList;
			buildConfigurations = (
				237BC2B82A9A49D400096351 /* Debug */,
				237BC2B92A9A49D400096351 /* Release */,
			);
			defaultConfigurationIsVisible = 0;
			defaultConfigurationName = Release;
		};
/* End XCConfigurationList section */
	};
	rootObject = 237BC29B2A9A49D400096351 /* Project object */;
}
